
Microsoft Visual Studio Solution File, Format Version 12.00
# Visual Studio 15
VisualStudioVersion = 15.0.28307.645
MinimumVisualStudioVersion = 10.0.40219.1
Project("{FAE04EC0-301F-11D3-BF4B-00C04F79EFBC}") = "WEBAPIIdentity", "WEBAPIIdentity\WEBAPIIdentity.csproj", "{803690F7-8899-4204-A77C-89DADF39C2A1}"
EndProject
Global
	GlobalSection(SolutionConfigurationPlatforms) = preSolution
		Debug|Any CPU = Debug|Any CPU
		Release|Any CPU = Release|Any CPU
	EndGlobalSection
	GlobalSection(ProjectConfigurationPlatforms) = postSolution
		{803690F7-8899-4204-A77C-89DADF39C2A1}.Debug|Any CPU.ActiveCfg = Debug|Any CPU
		{803690F7-8899-4204-A77C-89DADF39C2A1}.Debug|Any CPU.Build.0 = Debug|Any CPU
		{803690F7-8899-4204-A77C-89DADF39C2A1}.Release|Any CPU.ActiveCfg = Release|Any CPU
		{803690F7-8899-4204-A77C-89DADF39C2A1}.Release|Any CPU.Build.0 = Release|Any CPU
	EndGlobalSection
	GlobalSection(SolutionProperties) = preSolution
		HideSolutionNode = FALSE
	EndGlobalSection
	GlobalSection(ExtensibilityGlobals) = postSolution
		SolutionGuid = {AA937607-11DC-46B6-B482-78D85F62684D}
	EndGlobalSection
EndGlobal
